
Microsoft Visual Studio Solution File, Format Version 12.00
# Visual Studio 15
VisualStudioVersion = 15.0.26730.16
MinimumVisualStudioVersion = 10.0.40219.1
Project("{FAE04EC0-301F-11D3-BF4B-00C04F79EFBC}") = "TimeValidate", "TimeValidate\TimeValidate.csproj", "{B06BDD8D-6288-46A7-A623-C7E7AAEFD728}"
EndProject
Global
	GlobalSection(SolutionConfigurationPlatforms) = preSolution
		Debug|Any CPU = Debug|Any CPU
		Release|Any CPU = Release|Any CPU
	EndGlobalSection
	GlobalSection(ProjectConfigurationPlatforms) = postSolution
		{B06BDD8D-6288-46A7-A623-C7E7AAEFD728}.Debug|Any CPU.ActiveCfg = Debug|Any CPU
		{B06BDD8D-6288-46A7-A623-C7E7AAEFD728}.Debug|Any CPU.Build.0 = Debug|Any CPU
		{B06BDD8D-6288-46A7-A623-C7E7AAEFD728}.Release|Any CPU.ActiveCfg = Release|Any CPU
		{B06BDD8D-6288-46A7-A623-C7E7AAEFD728}.Release|Any CPU.Build.0 = Release|Any CPU
	EndGlobalSection
	GlobalSection(SolutionProperties) = preSolution
		HideSolutionNode = FALSE
	EndGlobalSection
	GlobalSection(ExtensibilityGlobals) = postSolution
		SolutionGuid = {902F1D0C-C865-43AC-9A58-F62111EB7DBF}
	EndGlobalSection
EndGlobal
